
Microsoft Visual Studio Solution File, Format Version 12.00
# Visual Studio Version 17
VisualStudioVersion = 17.8.34330.188
MinimumVisualStudioVersion = 10.0.40219.1
Project("{9A19103F-16F7-4668-BE54-9A1E7A4F7556}") = "PamiwPwa", "PamiwPwa.csproj", "{58EF7C93-1CF2-4ADD-B68D-0DCF53F2BF55}"
EndProject
Project("{9A19103F-16F7-4668-BE54-9A1E7A4F7556}") = "PamiwShared", "..\PamiwShared\PamiwShared.csproj", "{FDBD00DD-8401-42C3-BC89-FBB6340E4811}"
EndProject
Global
	GlobalSection(SolutionConfigurationPlatforms) = preSolution
		Debug|Any CPU = Debug|Any CPU
		Release|Any CPU = Release|Any CPU
	EndGlobalSection
	GlobalSection(ProjectConfigurationPlatforms) = postSolution
		{58EF7C93-1CF2-4ADD-B68D-0DCF53F2BF55}.Debug|Any CPU.ActiveCfg = Debug|Any CPU
		{58EF7C93-1CF2-4ADD-B68D-0DCF53F2BF55}.Debug|Any CPU.Build.0 = Debug|Any CPU
		{58EF7C93-1CF2-4ADD-B68D-0DCF53F2BF55}.Release|Any CPU.ActiveCfg = Release|Any CPU
		{58EF7C93-1CF2-4ADD-B68D-0DCF53F2BF55}.Release|Any CPU.Build.0 = Release|Any CPU
		{FDBD00DD-8401-42C3-BC89-FBB6340E4811}.Debug|Any CPU.ActiveCfg = Debug|Any CPU
		{FDBD00DD-8401-42C3-BC89-FBB6340E4811}.Debug|Any CPU.Build.0 = Debug|Any CPU
		{FDBD00DD-8401-42C3-BC89-FBB6340E4811}.Release|Any CPU.ActiveCfg = Release|Any CPU
		{FDBD00DD-8401-42C3-BC89-FBB6340E4811}.Release|Any CPU.Build.0 = Release|Any CPU
	EndGlobalSection
	GlobalSection(SolutionProperties) = preSolution
		HideSolutionNode = FALSE
	EndGlobalSection
	GlobalSection(ExtensibilityGlobals) = postSolution
		SolutionGuid = {FE293FE5-92F6-4577-ACFC-08D1EB3E11AA}
	EndGlobalSection
EndGlobal
